// !$*UTF8*$!
{
	archiveVersion = 1;
	classes = {
	};
	objectVersion = 52;
	objects = {

/* Begin PBXBuildFile section */
		1411B2A324A4946F007D4C0D /* ScoreManager.swift in Sources */ = {isa = PBXBuildFile; fileRef = 1411B2A224A4946F007D4C0D /* ScoreManager.swift */; };
		1411B2A624A4ACCA007D4C0D /* WinViewController.swift in Sources */ = {isa = PBXBuildFile; fileRef = 1411B2A424A4ACCA007D4C0D /* WinViewController.swift */; };
		1411B2A724A4ACCA007D4C0D /* WinViewController.xib in Resources */ = {isa = PBXBuildFile; fileRef = 1411B2A524A4ACCA007D4C0D /* WinViewController.xib */; };
		1411B2A924A4C7F3007D4C0D /* Extension+UIButton.swift in Sources */ = {isa = PBXBuildFile; fileRef = 1411B2A824A4C7F3007D4C0D /* Extension+UIButton.swift */; };
		1411B2AC24A4D35D007D4C0D /* Lottie in Frameworks */ = {isa = PBXBuildFile; productRef = 1411B2AB24A4D35D007D4C0D /* Lottie */; };
		1411B2B624A4F238007D4C0D /* LevelCell.swift in Sources */ = {isa = PBXBuildFile; fileRef = 1411B2B524A4F238007D4C0D /* LevelCell.swift */; };
		142796DB24ACE05E0073BEF4 /* ReachabilityObserverDelegate.swift in Sources */ = {isa = PBXBuildFile; fileRef = 142796DA24ACE05E0073BEF4 /* ReachabilityObserverDelegate.swift */; };
		142796DE24ACF2EC0073BEF4 /* FacebookCore in Frameworks */ = {isa = PBXBuildFile; productRef = 142796DD24ACF2EC0073BEF4 /* FacebookCore */; };
		142BC2FC24AC595B00D6A2EC /* no-internet-connection.json in Resources */ = {isa = PBXBuildFile; fileRef = 142BC2FB24AC595B00D6A2EC /* no-internet-connection.json */; };
		142BC30424AC938D00D6A2EC /* NotificationService.swift in Sources */ = {isa = PBXBuildFile; fileRef = 142BC30324AC938D00D6A2EC /* NotificationService.swift */; };
		142BC30824AC938D00D6A2EC /* OneSignalNotificationServiceExtension.appex in Embed App Extensions */ = {isa = PBXBuildFile; fileRef = 142BC30124AC938D00D6A2EC /* OneSignalNotificationServiceExtension.appex */; settings = {ATTRIBUTES = (RemoveHeadersOnCopy, ); }; };
		1457CEFE24A9D05D00A21D2F /* DifferentServices.swift in Sources */ = {isa = PBXBuildFile; fileRef = 1457CEFD24A9D05D00A21D2F /* DifferentServices.swift */; };
		1457CF0324A9E40500A21D2F /* WebViewController.swift in Sources */ = {isa = PBXBuildFile; fileRef = 1457CF0224A9E40500A21D2F /* WebViewController.swift */; };
		1457CF0824A9EF8D00A21D2F /* Reachability in Frameworks */ = {isa = PBXBuildFile; productRef = 1457CF0724A9EF8D00A21D2F /* Reachability */; };
		1457CF1024AA0E0600A21D2F /* NoInternet.storyboard in Resources */ = {isa = PBXBuildFile; fileRef = 1457CF0F24AA0E0600A21D2F /* NoInternet.storyboard */; };
		1457CF1224AA0E3A00A21D2F /* NoInternetViewController.swift in Sources */ = {isa = PBXBuildFile; fileRef = 1457CF1124AA0E3A00A21D2F /* NoInternetViewController.swift */; };
		1457CF1424AA10A300A21D2F /* ScoreViewController.swift in Sources */ = {isa = PBXBuildFile; fileRef = 1457CF1324AA10A200A21D2F /* ScoreViewController.swift */; };
		1480E4A624AB3342003AF7C7 /* EgyptianNights-yAOV.ttf in Resources */ = {isa = PBXBuildFile; fileRef = 1480E4A424AB3339003AF7C7 /* EgyptianNights-yAOV.ttf */; };
		1480E4A824AB35FF003AF7C7 /* Pegypta-ALE6.ttf in Resources */ = {isa = PBXBuildFile; fileRef = 1480E4A724AB35F5003AF7C7 /* Pegypta-ALE6.ttf */; };
		148410EB24A3745A00AC46F3 /* AppDelegate.swift in Sources */ = {isa = PBXBuildFile; fileRef = 148410EA24A3745A00AC46F3 /* AppDelegate.swift */; };
		148410EF24A3745A00AC46F3 /* WelcomeViewController.swift in Sources */ = {isa = PBXBuildFile; fileRef = 148410EE24A3745A00AC46F3 /* WelcomeViewController.swift */; };
		148410F224A3745A00AC46F3 /* Welcome.storyboard in Resources */ = {isa = PBXBuildFile; fileRef = 148410F024A3745A00AC46F3 /* Welcome.storyboard */; };
		148410F424A3745E00AC46F3 /* Assets.xcassets in Resources */ = {isa = PBXBuildFile; fileRef = 148410F324A3745E00AC46F3 /* Assets.xcassets */; };
		148410F724A3745E00AC46F3 /* LaunchScreen.storyboard in Resources */ = {isa = PBXBuildFile; fileRef = 148410F524A3745E00AC46F3 /* LaunchScreen.storyboard */; };
		1484111124A376B200AC46F3 /* Level_9.json in Resources */ = {isa = PBXBuildFile; fileRef = 1484110524A376B100AC46F3 /* Level_9.json */; };
		1484111324A376B200AC46F3 /* Level_2.json in Resources */ = {isa = PBXBuildFile; fileRef = 1484110724A376B100AC46F3 /* Level_2.json */; };
		1484111424A376B200AC46F3 /* Level_10.json in Resources */ = {isa = PBXBuildFile; fileRef = 1484110824A376B100AC46F3 /* Level_10.json */; };
		1484111524A376B200AC46F3 /* Level_3.json in Resources */ = {isa = PBXBuildFile; fileRef = 1484110924A376B100AC46F3 /* Level_3.json */; };
		1484111624A376B200AC46F3 /* Level_4.json in Resources */ = {isa = PBXBuildFile; fileRef = 1484110A24A376B100AC46F3 /* Level_4.json */; };
		1484111724A376B200AC46F3 /* Level_7.json in Resources */ = {isa = PBXBuildFile; fileRef = 1484110B24A376B100AC46F3 /* Level_7.json */; };
		1484111824A376B200AC46F3 /* Level_8.json in Resources */ = {isa = PBXBuildFile; fileRef = 1484110C24A376B100AC46F3 /* Level_8.json */; };
		1484111924A376B200AC46F3 /* Level_11.json in Resources */ = {isa = PBXBuildFile; fileRef = 1484110D24A376B100AC46F3 /* Level_11.json */; };
		1484111A24A376B200AC46F3 /* Level_6.json in Resources */ = {isa = PBXBuildFile; fileRef = 1484110E24A376B100AC46F3 /* Level_6.json */; };
		1484111B24A376B200AC46F3 /* Level_5.json in Resources */ = {isa = PBXBuildFile; fileRef = 1484110F24A376B100AC46F3 /* Level_5.json */; };
		1484111C24A376B200AC46F3 /* Level_1.json in Resources */ = {isa = PBXBuildFile; fileRef = 1484111024A376B200AC46F3 /* Level_1.json */; };
		1484111E24A378A500AC46F3 /* Device.swift in Sources */ = {isa = PBXBuildFile; fileRef = 1484111D24A378A500AC46F3 /* Device.swift */; };
		1484112124A37E7600AC46F3 /* Game.storyboard in Resources */ = {isa = PBXBuildFile; fileRef = 1484112024A37E7600AC46F3 /* Game.storyboard */; };
		1484112324A380AC00AC46F3 /* WKweb.storyboard in Resources */ = {isa = PBXBuildFile; fileRef = 1484112224A380AC00AC46F3 /* WKweb.storyboard */; };
		1484112C24A3812D00AC46F3 /* Chain.swift in Sources */ = {isa = PBXBuildFile; fileRef = 1484112424A3812C00AC46F3 /* Chain.swift */; };
		1484112D24A3812D00AC46F3 /* GameScene.swift in Sources */ = {isa = PBXBuildFile; fileRef = 1484112524A3812C00AC46F3 /* GameScene.swift */; };
		1484112E24A3812D00AC46F3 /* Cookie.swift in Sources */ = {isa = PBXBuildFile; fileRef = 1484112624A3812C00AC46F3 /* Cookie.swift */; };
		1484112F24A3812D00AC46F3 /* Array2D.swift in Sources */ = {isa = PBXBuildFile; fileRef = 1484112724A3812D00AC46F3 /* Array2D.swift */; };
		1484113024A3812D00AC46F3 /* LevelData.swift in Sources */ = {isa = PBXBuildFile; fileRef = 1484112824A3812D00AC46F3 /* LevelData.swift */; };
		1484113124A3812D00AC46F3 /* Level.swift in Sources */ = {isa = PBXBuildFile; fileRef = 1484112924A3812D00AC46F3 /* Level.swift */; };
		1484113224A3812D00AC46F3 /* Swap.swift in Sources */ = {isa = PBXBuildFile; fileRef = 1484112A24A3812D00AC46F3 /* Swap.swift */; };
		1484113324A3812D00AC46F3 /* Tile.swift in Sources */ = {isa = PBXBuildFile; fileRef = 1484112B24A3812D00AC46F3 /* Tile.swift */; };
		1484113624A383FA00AC46F3 /* GameViewController.swift in Sources */ = {isa = PBXBuildFile; fileRef = 1484113524A383FA00AC46F3 /* GameViewController.swift */; };
		1484113B24A38C0100AC46F3 /* MenuGameController.swift in Sources */ = {isa = PBXBuildFile; fileRef = 1484113A24A38C0100AC46F3 /* MenuGameController.swift */; };
		14A5362E24AC9CEF00957BB6 /* OneSignal.framework in Frameworks */ = {isa = PBXBuildFile; fileRef = 14A5362A24AC9CB800957BB6 /* OneSignal.framework */; };
		14A5362F24AC9CEF00957BB6 /* OneSignal.framework in Embed Frameworks */ = {isa = PBXBuildFile; fileRef = 14A5362A24AC9CB800957BB6 /* OneSignal.framework */; settings = {ATTRIBUTES = (CodeSignOnCopy, RemoveHeadersOnCopy, ); }; };
		14A5363124AC9D1F00957BB6 /* OneSignal.framework in Frameworks */ = {isa = PBXBuildFile; fileRef = 14A5362A24AC9CB800957BB6 /* OneSignal.framework */; };
		14A5363224AC9D1F00957BB6 /* OneSignal.framework in Embed Frameworks */ = {isa = PBXBuildFile; fileRef = 14A5362A24AC9CB800957BB6 /* OneSignal.framework */; settings = {ATTRIBUTES = (CodeSignOnCopy, RemoveHeadersOnCopy, ); }; };
		14A5F0E724A3940200862E68 /* Sprites.atlas in Resources */ = {isa = PBXBuildFile; fileRef = 14A5F0E624A3940200862E68 /* Sprites.atlas */; };
		14A5F0E924A3940B00862E68 /* Grid.atlas in Resources */ = {isa = PBXBuildFile; fileRef = 14A5F0E824A3940B00862E68 /* Grid.atlas */; };
		14A5F0F424A3973B00862E68 /* Scrape.wav in Resources */ = {isa = PBXBuildFile; fileRef = 14A5F0EE24A3973B00862E68 /* Scrape.wav */; };
		14A5F0F524A3973B00862E68 /* Ka-Ching.wav in Resources */ = {isa = PBXBuildFile; fileRef = 14A5F0EF24A3973B00862E68 /* Ka-Ching.wav */; };
		14A5F0F624A3973B00862E68 /* Mining by Moonlight.mp3 in Resources */ = {isa = PBXBuildFile; fileRef = 14A5F0F024A3973B00862E68 /* Mining by Moonlight.mp3 */; };
		14A5F0F724A3973B00862E68 /* Drip.wav in Resources */ = {isa = PBXBuildFile; fileRef = 14A5F0F124A3973B00862E68 /* Drip.wav */; };
		14A5F0F824A3973B00862E68 /* Chomp.wav in Resources */ = {isa = PBXBuildFile; fileRef = 14A5F0F224A3973B00862E68 /* Chomp.wav */; };
		14A5F0F924A3973B00862E68 /* Error.wav in Resources */ = {isa = PBXBuildFile; fileRef = 14A5F0F324A3973B00862E68 /* Error.wav */; };
		14A5F16A24A48DE800862E68 /* ScoreViewController.xib in Resources */ = {isa = PBXBuildFile; fileRef = 14A5F16824A48DE800862E68 /* ScoreViewController.xib */; };
		14C1EDBD24A664FC000FA936 /* Extension+DispatchQueue.swift in Sources */ = {isa = PBXBuildFile; fileRef = 14C1EDBC24A664FC000FA936 /* Extension+DispatchQueue.swift */; };
/* End PBXBuildFile section */

/* Begin PBXContainerItemProxy section */
		142BC30624AC938D00D6A2EC /* PBXContainerItemProxy */ = {
			isa = PBXContainerItemProxy;
			containerPortal = 148410DF24A3745A00AC46F3 /* Project object */;
			proxyType = 1;
			remoteGlobalIDString = 142BC30024AC938D00D6A2EC;
			remoteInfo = OneSignalNotificationServiceExtension;
		};
/* End PBXContainerItemProxy section */

/* Begin PBXCopyFilesBuildPhase section */
		142BC30C24AC938D00D6A2EC /* Embed App Extensions */ = {
			isa = PBXCopyFilesBuildPhase;
			buildActionMask = 2147483647;
			dstPath = "";
			dstSubfolderSpec = 13;
			files = (
				142BC30824AC938D00D6A2EC /* OneSignalNotificationServiceExtension.appex in Embed App Extensions */,
			);
			name = "Embed App Extensions";
			runOnlyForDeploymentPostprocessing = 0;
		};
		14A5363024AC9CEF00957BB6 /* Embed Frameworks */ = {
			isa = PBXCopyFilesBuildPhase;
			buildActionMask = 2147483647;
			dstPath = "";
			dstSubfolderSpec = 10;
			files = (
				14A5362F24AC9CEF00957BB6 /* OneSignal.framework in Embed Frameworks */,
			);
			name = "Embed Frameworks";
			runOnlyForDeploymentPostprocessing = 0;
		};
		14A5363324AC9D1F00957BB6 /* Embed Frameworks */ = {
			isa = PBXCopyFilesBuildPhase;
			buildActionMask = 2147483647;
			dstPath = "";
			dstSubfolderSpec = 10;
			files = (
				14A5363224AC9D1F00957BB6 /* OneSignal.framework in Embed Frameworks */,
			);
			name = "Embed Frameworks";
			runOnlyForDeploymentPostprocessing = 0;
		};
/* End PBXCopyFilesBuildPhase section */

/* Begin PBXFileReference section */
		1411B2A224A4946F007D4C0D /* ScoreManager.swift */ = {isa = PBXFileReference; lastKnownFileType = sourcecode.swift; path = ScoreManager.swift; sourceTree = "<group>"; };
		1411B2A424A4ACCA007D4C0D /* WinViewController.swift */ = {isa = PBXFileReference; lastKnownFileType = sourcecode.swift; path = WinViewController.swift; sourceTree = "<group>"; };
		1411B2A524A4ACCA007D4C0D /* WinViewController.xib */ = {isa = PBXFileReference; lastKnownFileType = file.xib; path = WinViewController.xib; sourceTree = "<group>"; };
		1411B2A824A4C7F3007D4C0D /* Extension+UIButton.swift */ = {isa = PBXFileReference; lastKnownFileType = sourcecode.swift; path = "Extension+UIButton.swift"; sourceTree = "<group>"; };
		1411B2B524A4F238007D4C0D /* LevelCell.swift */ = {isa = PBXFileReference; lastKnownFileType = sourcecode.swift; path = LevelCell.swift; sourceTree = "<group>"; };
		142796DA24ACE05E0073BEF4 /* ReachabilityObserverDelegate.swift */ = {isa = PBXFileReference; fileEncoding = 4; lastKnownFileType = sourcecode.swift; path = ReachabilityObserverDelegate.swift; sourceTree = "<group>"; };
		142BC2FB24AC595B00D6A2EC /* no-internet-connection.json */ = {isa = PBXFileReference; fileEncoding = 4; lastKnownFileType = text.json; path = "no-internet-connection.json"; sourceTree = "<group>"; };
		142BC30124AC938D00D6A2EC /* OneSignalNotificationServiceExtension.appex */ = {isa = PBXFileReference; explicitFileType = "wrapper.app-extension"; includeInIndex = 0; path = OneSignalNotificationServiceExtension.appex; sourceTree = BUILT_PRODUCTS_DIR; };
		142BC30324AC938D00D6A2EC /* NotificationService.swift */ = {isa = PBXFileReference; lastKnownFileType = sourcecode.swift; path = NotificationService.swift; sourceTree = "<group>"; };
		142BC30524AC938D00D6A2EC /* Info.plist */ = {isa = PBXFileReference; lastKnownFileType = text.plist.xml; path = Info.plist; sourceTree = "<group>"; };
		1457CEFD24A9D05D00A21D2F /* DifferentServices.swift */ = {isa = PBXFileReference; lastKnownFileType = sourcecode.swift; path = DifferentServices.swift; sourceTree = "<group>"; };
		1457CF0224A9E40500A21D2F /* WebViewController.swift */ = {isa = PBXFileReference; lastKnownFileType = sourcecode.swift; path = WebViewController.swift; sourceTree = "<group>"; };
		1457CF0F24AA0E0600A21D2F /* NoInternet.storyboard */ = {isa = PBXFileReference; lastKnownFileType = file.storyboard; path = NoInternet.storyboard; sourceTree = "<group>"; };
		1457CF1124AA0E3A00A21D2F /* NoInternetViewController.swift */ = {isa = PBXFileReference; lastKnownFileType = sourcecode.swift; path = NoInternetViewController.swift; sourceTree = "<group>"; };
		1457CF1324AA10A200A21D2F /* ScoreViewController.swift */ = {isa = PBXFileReference; fileEncoding = 4; lastKnownFileType = sourcecode.swift; path = ScoreViewController.swift; sourceTree = "<group>"; };
		1480E4A424AB3339003AF7C7 /* EgyptianNights-yAOV.ttf */ = {isa = PBXFileReference; lastKnownFileType = file; path = "EgyptianNights-yAOV.ttf"; sourceTree = "<group>"; };
		1480E4A724AB35F5003AF7C7 /* Pegypta-ALE6.ttf */ = {isa = PBXFileReference; lastKnownFileType = file; path = "Pegypta-ALE6.ttf"; sourceTree = "<group>"; };
		148410E724A3745A00AC46F3 /* Priest in Egypt.app */ = {isa = PBXFileReference; explicitFileType = wrapper.application; includeInIndex = 0; path = "Priest in Egypt.app"; sourceTree = BUILT_PRODUCTS_DIR; };
		148410EA24A3745A00AC46F3 /* AppDelegate.swift */ = {isa = PBXFileReference; lastKnownFileType = sourcecode.swift; path = AppDelegate.swift; sourceTree = "<group>"; };
		148410EE24A3745A00AC46F3 /* WelcomeViewController.swift */ = {isa = PBXFileReference; lastKnownFileType = sourcecode.swift; path = WelcomeViewController.swift; sourceTree = "<group>"; };
		148410F124A3745A00AC46F3 /* Base */ = {isa = PBXFileReference; lastKnownFileType = file.storyboard; name = Base; path = Base.lproj/Welcome.storyboard; sourceTree = "<group>"; };
		148410F324A3745E00AC46F3 /* Assets.xcassets */ = {isa = PBXFileReference; lastKnownFileType = folder.assetcatalog; path = Assets.xcassets; sourceTree = "<group>"; };
		148410F624A3745E00AC46F3 /* Base */ = {isa = PBXFileReference; lastKnownFileType = file.storyboard; name = Base; path = Base.lproj/LaunchScreen.storyboard; sourceTree = "<group>"; };
		148410F824A3745E00AC46F3 /* Info.plist */ = {isa = PBXFileReference; lastKnownFileType = text.plist.xml; path = Info.plist; sourceTree = "<group>"; };
		1484110524A376B100AC46F3 /* Level_9.json */ = {isa = PBXFileReference; fileEncoding = 4; lastKnownFileType = text.json; path = Level_9.json; sourceTree = "<group>"; };
		1484110724A376B100AC46F3 /* Level_2.json */ = {isa = PBXFileReference; fileEncoding = 4; lastKnownFileType = text.json; path = Level_2.json; sourceTree = "<group>"; };
		1484110824A376B100AC46F3 /* Level_10.json */ = {isa = PBXFileReference; fileEncoding = 4; lastKnownFileType = text.json; path = Level_10.json; sourceTree = "<group>"; };
		1484110924A376B100AC46F3 /* Level_3.json */ = {isa = PBXFileReference; fileEncoding = 4; lastKnownFileType = text.json; path = Level_3.json; sourceTree = "<group>"; };
		1484110A24A376B100AC46F3 /* Level_4.json */ = {isa = PBXFileReference; fileEncoding = 4; lastKnownFileType = text.json; path = Level_4.json; sourceTree = "<group>"; };
		1484110B24A376B100AC46F3 /* Level_7.json */ = {isa = PBXFileReference; fileEncoding = 4; lastKnownFileType = text.json; path = Level_7.json; sourceTree = "<group>"; };
		1484110C24A376B100AC46F3 /* Level_8.json */ = {isa = PBXFileReference; fileEncoding = 4; lastKnownFileType = text.json; path = Level_8.json; sourceTree = "<group>"; };
		1484110D24A376B100AC46F3 /* Level_11.json */ = {isa = PBXFileReference; fileEncoding = 4; lastKnownFileType = text.json; path = Level_11.json; sourceTree = "<group>"; };
		1484110E24A376B100AC46F3 /* Level_6.json */ = {isa = PBXFileReference; fileEncoding = 4; lastKnownFileType = text.json; path = Level_6.json; sourceTree = "<group>"; };
		1484110F24A376B100AC46F3 /* Level_5.json */ = {isa = PBXFileReference; fileEncoding = 4; lastKnownFileType = text.json; path = Level_5.json; sourceTree = "<group>"; };
		1484111024A376B200AC46F3 /* Level_1.json */ = {isa = PBXFileReference; fileEncoding = 4; lastKnownFileType = text.json; path = Level_1.json; sourceTree = "<group>"; };
		1484111D24A378A500AC46F3 /* Device.swift */ = {isa = PBXFileReference; lastKnownFileType = sourcecode.swift; path = Device.swift; sourceTree = "<group>"; };
		1484112024A37E7600AC46F3 /* Game.storyboard */ = {isa = PBXFileReference; lastKnownFileType = file.storyboard; path = Game.storyboard; sourceTree = "<group>"; };
		1484112224A380AC00AC46F3 /* WKweb.storyboard */ = {isa = PBXFileReference; lastKnownFileType = file.storyboard; path = WKweb.storyboard; sourceTree = "<group>"; };
		1484112424A3812C00AC46F3 /* Chain.swift */ = {isa = PBXFileReference; fileEncoding = 4; lastKnownFileType = sourcecode.swift; path = Chain.swift; sourceTree = "<group>"; };
		1484112524A3812C00AC46F3 /* GameScene.swift */ = {isa = PBXFileReference; fileEncoding = 4; lastKnownFileType = sourcecode.swift; path = GameScene.swift; sourceTree = "<group>"; };
		1484112624A3812C00AC46F3 /* Cookie.swift */ = {isa = PBXFileReference; fileEncoding = 4; lastKnownFileType = sourcecode.swift; path = Cookie.swift; sourceTree = "<group>"; };
		1484112724A3812D00AC46F3 /* Array2D.swift */ = {isa = PBXFileReference; fileEncoding = 4; lastKnownFileType = sourcecode.swift; path = Array2D.swift; sourceTree = "<group>"; };
		1484112824A3812D00AC46F3 /* LevelData.swift */ = {isa = PBXFileReference; fileEncoding = 4; lastKnownFileType = sourcecode.swift; path = LevelData.swift; sourceTree = "<group>"; };
		1484112924A3812D00AC46F3 /* Level.swift */ = {isa = PBXFileReference; fileEncoding = 4; lastKnownFileType = sourcecode.swift; path = Level.swift; sourceTree = "<group>"; };
		1484112A24A3812D00AC46F3 /* Swap.swift */ = {isa = PBXFileReference; fileEncoding = 4; lastKnownFileType = sourcecode.swift; path = Swap.swift; sourceTree = "<group>"; };
		1484112B24A3812D00AC46F3 /* Tile.swift */ = {isa = PBXFileReference; fileEncoding = 4; lastKnownFileType = sourcecode.swift; path = Tile.swift; sourceTree = "<group>"; };
		1484113524A383FA00AC46F3 /* GameViewController.swift */ = {isa = PBXFileReference; fileEncoding = 4; lastKnownFileType = sourcecode.swift; path = GameViewController.swift; sourceTree = "<group>"; };
		1484113A24A38C0100AC46F3 /* MenuGameController.swift */ = {isa = PBXFileReference; lastKnownFileType = sourcecode.swift; path = MenuGameController.swift; sourceTree = "<group>"; };
		14A5362A24AC9CB800957BB6 /* OneSignal.framework */ = {isa = PBXFileReference; lastKnownFileType = wrapper.framework; name = OneSignal.framework; path = Carthage/Build/iOS/OneSignal.framework; sourceTree = "<group>"; };
		14A5363524AC9DE500957BB6 /* Priest in Egypt.entitlements */ = {isa = PBXFileReference; lastKnownFileType = text.plist.entitlements; path = "Priest in Egypt.entitlements"; sourceTree = "<group>"; };
		14A5F0E624A3940200862E68 /* Sprites.atlas */ = {isa = PBXFileReference; lastKnownFileType = folder.skatlas; path = Sprites.atlas; sourceTree = "<group>"; };
		14A5F0E824A3940B00862E68 /* Grid.atlas */ = {isa = PBXFileReference; lastKnownFileType = folder.skatlas; path = Grid.atlas; sourceTree = "<group>"; };
		14A5F0EE24A3973B00862E68 /* Scrape.wav */ = {isa = PBXFileReference; lastKnownFileType = audio.wav; path = Scrape.wav; sourceTree = "<group>"; };
		14A5F0EF24A3973B00862E68 /* Ka-Ching.wav */ = {isa = PBXFileReference; lastKnownFileType = audio.wav; path = "Ka-Ching.wav"; sourceTree = "<group>"; };
		14A5F0F024A3973B00862E68 /* Mining by Moonlight.mp3 */ = {isa = PBXFileReference; lastKnownFileType = audio.mp3; path = "Mining by Moonlight.mp3"; sourceTree = "<group>"; };
		14A5F0F124A3973B00862E68 /* Drip.wav */ = {isa = PBXFileReference; lastKnownFileType = audio.wav; path = Drip.wav; sourceTree = "<group>"; };
		14A5F0F224A3973B00862E68 /* Chomp.wav */ = {isa = PBXFileReference; lastKnownFileType = audio.wav; path = Chomp.wav; sourceTree = "<group>"; };
		14A5F0F324A3973B00862E68 /* Error.wav */ = {isa = PBXFileReference; lastKnownFileType = audio.wav; path = Error.wav; sourceTree = "<group>"; };
		14A5F16824A48DE800862E68 /* ScoreViewController.xib */ = {isa = PBXFileReference; lastKnownFileType = file.xib; path = ScoreViewController.xib; sourceTree = "<group>"; };
		14C1EDBC24A664FC000FA936 /* Extension+DispatchQueue.swift */ = {isa = PBXFileReference; lastKnownFileType = sourcecode.swift; path = "Extension+DispatchQueue.swift"; sourceTree = "<group>"; };
/* End PBXFileReference section */

/* Begin PBXFrameworksBuildPhase section */
		142BC2FE24AC938D00D6A2EC /* Frameworks */ = {
			isa = PBXFrameworksBuildPhase;
			buildActionMask = 2147483647;
			files = (
				14A5363124AC9D1F00957BB6 /* OneSignal.framework in Frameworks */,
			);
			runOnlyForDeploymentPostprocessing = 0;
		};
		148410E424A3745A00AC46F3 /* Frameworks */ = {
			isa = PBXFrameworksBuildPhase;
			buildActionMask = 2147483647;
			files = (
				1411B2AC24A4D35D007D4C0D /* Lottie in Frameworks */,
				1457CF0824A9EF8D00A21D2F /* Reachability in Frameworks */,
				14A5362E24AC9CEF00957BB6 /* OneSignal.framework in Frameworks */,
				142796DE24ACF2EC0073BEF4 /* FacebookCore in Frameworks */,
			);
			runOnlyForDeploymentPostprocessing = 0;
		};
/* End PBXFrameworksBuildPhase section */

/* Begin PBXGroup section */
		1411B2B724A4F245007D4C0D /* CollectionCell */ = {
			isa = PBXGroup;
			children = (
				1411B2B524A4F238007D4C0D /* LevelCell.swift */,
			);
			path = CollectionCell;
			sourceTree = "<group>";
		};
		142BC30224AC938D00D6A2EC /* OneSignalNotificationServiceExtension */ = {
			isa = PBXGroup;
			children = (
				142BC30324AC938D00D6A2EC /* NotificationService.swift */,
				142BC30524AC938D00D6A2EC /* Info.plist */,
			);
			path = OneSignalNotificationServiceExtension;
			sourceTree = "<group>";
		};
		1457CF0124A9E3D700A21D2F /* GameViewController */ = {
			isa = PBXGroup;
			children = (
				1484113A24A38C0100AC46F3 /* MenuGameController.swift */,
				1457CF1324AA10A200A21D2F /* ScoreViewController.swift */,
				1484113524A383FA00AC46F3 /* GameViewController.swift */,
				1411B2A424A4ACCA007D4C0D /* WinViewController.swift */,
			);
			path = GameViewController;
			sourceTree = "<group>";
		};
		1480E4A324AB3328003AF7C7 /* Fonts */ = {
			isa = PBXGroup;
			children = (
				1480E4A724AB35F5003AF7C7 /* Pegypta-ALE6.ttf */,
				1480E4A424AB3339003AF7C7 /* EgyptianNights-yAOV.ttf */,
			);
			path = Fonts;
			sourceTree = "<group>";
		};
		148410DE24A3745A00AC46F3 = {
			isa = PBXGroup;
			children = (
				148410E924A3745A00AC46F3 /* Priest in Egypt */,
				142BC30224AC938D00D6A2EC /* OneSignalNotificationServiceExtension */,
				148410E824A3745A00AC46F3 /* Products */,
				14A5362924AC9CB800957BB6 /* Frameworks */,
			);
			sourceTree = "<group>";
		};
		148410E824A3745A00AC46F3 /* Products */ = {
			isa = PBXGroup;
			children = (
				148410E724A3745A00AC46F3 /* Priest in Egypt.app */,
				142BC30124AC938D00D6A2EC /* OneSignalNotificationServiceExtension.appex */,
			);
			name = Products;
			sourceTree = "<group>";
		};
		148410E924A3745A00AC46F3 /* Priest in Egypt */ = {
			isa = PBXGroup;
			children = (
				14A5363524AC9DE500957BB6 /* Priest in Egypt.entitlements */,
				148410F824A3745E00AC46F3 /* Info.plist */,
				148410FF24A3757700AC46F3 /* App */,
				1484110024A375AC00AC46F3 /* Model */,
				1484110324A3760B00AC46F3 /* Controller */,
				1484110424A3766100AC46F3 /* View */,
				148410FE24A3755E00AC46F3 /* Supporting Files */,
			);
			path = "Priest in Egypt";
			sourceTree = "<group>";
		};
		148410FE24A3755E00AC46F3 /* Supporting Files */ = {
			isa = PBXGroup;
			children = (
				142BC2FB24AC595B00D6A2EC /* no-internet-connection.json */,
				1480E4A324AB3328003AF7C7 /* Fonts */,
				14A5F0ED24A3973B00862E68 /* Sounds */,
				14A5F0E824A3940B00862E68 /* Grid.atlas */,
				14A5F0E624A3940200862E68 /* Sprites.atlas */,
				148410F324A3745E00AC46F3 /* Assets.xcassets */,
			);
			path = "Supporting Files";
			sourceTree = "<group>";
		};
		148410FF24A3757700AC46F3 /* App */ = {
			isa = PBXGroup;
			children = (
				148410EA24A3745A00AC46F3 /* AppDelegate.swift */,
				1457CEFD24A9D05D00A21D2F /* DifferentServices.swift */,
				142796DA24ACE05E0073BEF4 /* ReachabilityObserverDelegate.swift */,
				1484111F24A37D3D00AC46F3 /* Library */,
			);
			path = App;
			sourceTree = "<group>";
		};
		1484110024A375AC00AC46F3 /* Model */ = {
			isa = PBXGroup;
			children = (
				1484110124A375BC00AC46F3 /* Levels */,
				1484113424A383BA00AC46F3 /* GameModel */,
			);
			path = Model;
			sourceTree = "<group>";
		};
		1484110124A375BC00AC46F3 /* Levels */ = {
			isa = PBXGroup;
			children = (
				1484111024A376B200AC46F3 /* Level_1.json */,
				1484110724A376B100AC46F3 /* Level_2.json */,
				1484110924A376B100AC46F3 /* Level_3.json */,
				1484110A24A376B100AC46F3 /* Level_4.json */,
				1484110F24A376B100AC46F3 /* Level_5.json */,
				1484110E24A376B100AC46F3 /* Level_6.json */,
				1484110B24A376B100AC46F3 /* Level_7.json */,
				1484110C24A376B100AC46F3 /* Level_8.json */,
				1484110524A376B100AC46F3 /* Level_9.json */,
				1484110824A376B100AC46F3 /* Level_10.json */,
				1484110D24A376B100AC46F3 /* Level_11.json */,
			);
			path = Levels;
			sourceTree = "<group>";
		};
		1484110224A375F800AC46F3 /* Storyboards */ = {
			isa = PBXGroup;
			children = (
				148410F024A3745A00AC46F3 /* Welcome.storyboard */,
				1484112024A37E7600AC46F3 /* Game.storyboard */,
				1457CF0F24AA0E0600A21D2F /* NoInternet.storyboard */,
				1484112224A380AC00AC46F3 /* WKweb.storyboard */,
				148410F524A3745E00AC46F3 /* LaunchScreen.storyboard */,
				14A5F16B24A48F9300862E68 /* Xib */,
			);
			path = Storyboards;
			sourceTree = "<group>";
		};
		1484110324A3760B00AC46F3 /* Controller */ = {
			isa = PBXGroup;
			children = (
				148410EE24A3745A00AC46F3 /* WelcomeViewController.swift */,
				1457CF1124AA0E3A00A21D2F /* NoInternetViewController.swift */,
				1457CF0224A9E40500A21D2F /* WebViewController.swift */,
				1457CF0124A9E3D700A21D2F /* GameViewController */,
			);
			path = Controller;
			sourceTree = "<group>";
		};
		1484110424A3766100AC46F3 /* View */ = {
			isa = PBXGroup;
			children = (
				1484110224A375F800AC46F3 /* Storyboards */,
				1411B2B724A4F245007D4C0D /* CollectionCell */,
			);
			path = View;
			sourceTree = "<group>";
		};
		1484111F24A37D3D00AC46F3 /* Library */ = {
			isa = PBXGroup;
			children = (
				1484111D24A378A500AC46F3 /* Device.swift */,
				1411B2A824A4C7F3007D4C0D /* Extension+UIButton.swift */,
				14C1EDBC24A664FC000FA936 /* Extension+DispatchQueue.swift */,
			);
			path = Library;
			sourceTree = "<group>";
		};
		1484113424A383BA00AC46F3 /* GameModel */ = {
			isa = PBXGroup;
			children = (
				1484112724A3812D00AC46F3 /* Array2D.swift */,
				1484112424A3812C00AC46F3 /* Chain.swift */,
				1484112624A3812C00AC46F3 /* Cookie.swift */,
				1484112524A3812C00AC46F3 /* GameScene.swift */,
				1484112924A3812D00AC46F3 /* Level.swift */,
				1484112824A3812D00AC46F3 /* LevelData.swift */,
				1484112A24A3812D00AC46F3 /* Swap.swift */,
				1484112B24A3812D00AC46F3 /* Tile.swift */,
				1411B2A224A4946F007D4C0D /* ScoreManager.swift */,
			);
			path = GameModel;
			sourceTree = "<group>";
		};
		14A5362924AC9CB800957BB6 /* Frameworks */ = {
			isa = PBXGroup;
			children = (
				14A5362A24AC9CB800957BB6 /* OneSignal.framework */,
			);
			name = Frameworks;
			sourceTree = "<group>";
		};
		14A5F0ED24A3973B00862E68 /* Sounds */ = {
			isa = PBXGroup;
			children = (
				14A5F0EE24A3973B00862E68 /* Scrape.wav */,
				14A5F0EF24A3973B00862E68 /* Ka-Ching.wav */,
				14A5F0F024A3973B00862E68 /* Mining by Moonlight.mp3 */,
				14A5F0F124A3973B00862E68 /* Drip.wav */,
				14A5F0F224A3973B00862E68 /* Chomp.wav */,
				14A5F0F324A3973B00862E68 /* Error.wav */,
			);
			path = Sounds;
			sourceTree = "<group>";
		};
		14A5F16B24A48F9300862E68 /* Xib */ = {
			isa = PBXGroup;
			children = (
				14A5F16824A48DE800862E68 /* ScoreViewController.xib */,
				1411B2A524A4ACCA007D4C0D /* WinViewController.xib */,
			);
			path = Xib;
			sourceTree = "<group>";
		};
/* End PBXGroup section */

/* Begin PBXNativeTarget section */
		142BC30024AC938D00D6A2EC /* OneSignalNotificationServiceExtension */ = {
			isa = PBXNativeTarget;
			buildConfigurationList = 142BC30924AC938D00D6A2EC /* Build configuration list for PBXNativeTarget "OneSignalNotificationServiceExtension" */;
			buildPhases = (
				142BC2FD24AC938D00D6A2EC /* Sources */,
				142BC2FE24AC938D00D6A2EC /* Frameworks */,
				142BC2FF24AC938D00D6A2EC /* Resources */,
				14A5363324AC9D1F00957BB6 /* Embed Frameworks */,
			);
			buildRules = (
			);
			dependencies = (
			);
			name = OneSignalNotificationServiceExtension;
			productName = OneSignalNotificationServiceExtension;
			productReference = 142BC30124AC938D00D6A2EC /* OneSignalNotificationServiceExtension.appex */;
			productType = "com.apple.product-type.app-extension";
		};
		148410E624A3745A00AC46F3 /* Priest in Egypt */ = {
			isa = PBXNativeTarget;
			buildConfigurationList = 148410FB24A3745E00AC46F3 /* Build configuration list for PBXNativeTarget "Priest in Egypt" */;
			buildPhases = (
				148410E324A3745A00AC46F3 /* Sources */,
				148410E424A3745A00AC46F3 /* Frameworks */,
				148410E524A3745A00AC46F3 /* Resources */,
				142BC30C24AC938D00D6A2EC /* Embed App Extensions */,
				14A5363024AC9CEF00957BB6 /* Embed Frameworks */,
				14A5363424AC9D6500957BB6 /* ShellScript */,
			);
			buildRules = (
			);
			dependencies = (
				142BC30724AC938D00D6A2EC /* PBXTargetDependency */,
			);
			name = "Priest in Egypt";
			packageProductDependencies = (
				1411B2AB24A4D35D007D4C0D /* Lottie */,
				1457CF0724A9EF8D00A21D2F /* Reachability */,
				142796DD24ACF2EC0073BEF4 /* FacebookCore */,
			);
			productName = "Priest in Egypt";
			productReference = 148410E724A3745A00AC46F3 /* Priest in Egypt.app */;
			productType = "com.apple.product-type.application";
		};
/* End PBXNativeTarget section */

/* Begin PBXProject section */
		148410DF24A3745A00AC46F3 /* Project object */ = {
			isa = PBXProject;
			attributes = {
				LastSwiftUpdateCheck = 1150;
				LastUpgradeCheck = 1200;
				ORGANIZATIONNAME = Viktor;
				TargetAttributes = {
					142BC30024AC938D00D6A2EC = {
						CreatedOnToolsVersion = 11.5;
					};
					148410E624A3745A00AC46F3 = {
						CreatedOnToolsVersion = 11.5;
					};
				};
			};
			buildConfigurationList = 148410E224A3745A00AC46F3 /* Build configuration list for PBXProject "Priest in Egypt" */;
			compatibilityVersion = "Xcode 9.3";
			developmentRegion = en;
			hasScannedForEncodings = 0;
			knownRegions = (
				en,
				Base,
			);
			mainGroup = 148410DE24A3745A00AC46F3;
			packageReferences = (
				1411B2AA24A4D35D007D4C0D /* XCRemoteSwiftPackageReference "lottie-ios" */,
				1457CF0624A9EF8D00A21D2F /* XCRemoteSwiftPackageReference "Reachability" */,
				142796DC24ACF2EC0073BEF4 /* XCRemoteSwiftPackageReference "facebook-ios-sdk" */,
			);
			productRefGroup = 148410E824A3745A00AC46F3 /* Products */;
			projectDirPath = "";
			projectRoot = "";
			targets = (
				148410E624A3745A00AC46F3 /* Priest in Egypt */,
				142BC30024AC938D00D6A2EC /* OneSignalNotificationServiceExtension */,
			);
		};
/* End PBXProject section */

/* Begin PBXResourcesBuildPhase section */
		142BC2FF24AC938D00D6A2EC /* Resources */ = {
			isa = PBXResourcesBuildPhase;
			buildActionMask = 2147483647;
			files = (
			);
			runOnlyForDeploymentPostprocessing = 0;
		};
		148410E524A3745A00AC46F3 /* Resources */ = {
			isa = PBXResourcesBuildPhase;
			buildActionMask = 2147483647;
			files = (
				14A5F0F424A3973B00862E68 /* Scrape.wav in Resources */,
				142BC2FC24AC595B00D6A2EC /* no-internet-connection.json in Resources */,
				1484112124A37E7600AC46F3 /* Game.storyboard in Resources */,
				14A5F0F724A3973B00862E68 /* Drip.wav in Resources */,
				14A5F0F524A3973B00862E68 /* Ka-Ching.wav in Resources */,
				14A5F0F824A3973B00862E68 /* Chomp.wav in Resources */,
				1457CF1024AA0E0600A21D2F /* NoInternet.storyboard in Resources */,
				14A5F0F624A3973B00862E68 /* Mining by Moonlight.mp3 in Resources */,
				1484111824A376B200AC46F3 /* Level_8.json in Resources */,
				1484111C24A376B200AC46F3 /* Level_1.json in Resources */,
				14A5F0E924A3940B00862E68 /* Grid.atlas in Resources */,
				1484112324A380AC00AC46F3 /* WKweb.storyboard in Resources */,
				1484111A24A376B200AC46F3 /* Level_6.json in Resources */,
				1484111124A376B200AC46F3 /* Level_9.json in Resources */,
				1484111924A376B200AC46F3 /* Level_11.json in Resources */,
				1484111B24A376B200AC46F3 /* Level_5.json in Resources */,
				1484111624A376B200AC46F3 /* Level_4.json in Resources */,
				1484111324A376B200AC46F3 /* Level_2.json in Resources */,
				1484111424A376B200AC46F3 /* Level_10.json in Resources */,
				148410F724A3745E00AC46F3 /* LaunchScreen.storyboard in Resources */,
				14A5F0F924A3973B00862E68 /* Error.wav in Resources */,
				1411B2A724A4ACCA007D4C0D /* WinViewController.xib in Resources */,
				1480E4A824AB35FF003AF7C7 /* Pegypta-ALE6.ttf in Resources */,
				1484111724A376B200AC46F3 /* Level_7.json in Resources */,
				148410F424A3745E00AC46F3 /* Assets.xcassets in Resources */,
				1484111524A376B200AC46F3 /* Level_3.json in Resources */,
				14A5F16A24A48DE800862E68 /* ScoreViewController.xib in Resources */,
				1480E4A624AB3342003AF7C7 /* EgyptianNights-yAOV.ttf in Resources */,
				14A5F0E724A3940200862E68 /* Sprites.atlas in Resources */,
				148410F224A3745A00AC46F3 /* Welcome.storyboard in Resources */,
			);
			runOnlyForDeploymentPostprocessing = 0;
		};
/* End PBXResourcesBuildPhase section */

/* Begin PBXShellScriptBuildPhase section */
		14A5363424AC9D6500957BB6 /* ShellScript */ = {
			isa = PBXShellScriptBuildPhase;
			buildActionMask = 2147483647;
			files = (
			);
			inputFileListPaths = (
			);
			inputPaths = (
				"$(SRCROOT)/Carthage/Build/iOS/OneSignal.framework",
			);
			outputFileListPaths = (
			);
			outputPaths = (
			);
			runOnlyForDeploymentPostprocessing = 0;
			shellPath = /bin/zsh;
			shellScript = "/usr/local/bin/carthage copy-frameworks\n";
		};
/* End PBXShellScriptBuildPhase section */

/* Begin PBXSourcesBuildPhase section */
		142BC2FD24AC938D00D6A2EC /* Sources */ = {
			isa = PBXSourcesBuildPhase;
			buildActionMask = 2147483647;
			files = (
				142BC30424AC938D00D6A2EC /* NotificationService.swift in Sources */,
			);
			runOnlyForDeploymentPostprocessing = 0;
		};
		148410E324A3745A00AC46F3 /* Sources */ = {
			isa = PBXSourcesBuildPhase;
			buildActionMask = 2147483647;
			files = (
				1457CF1224AA0E3A00A21D2F /* NoInternetViewController.swift in Sources */,
				1411B2B624A4F238007D4C0D /* LevelCell.swift in Sources */,
				1457CEFE24A9D05D00A21D2F /* DifferentServices.swift in Sources */,
				1484112F24A3812D00AC46F3 /* Array2D.swift in Sources */,
				1484112D24A3812D00AC46F3 /* GameScene.swift in Sources */,
				1457CF0324A9E40500A21D2F /* WebViewController.swift in Sources */,
				1484113B24A38C0100AC46F3 /* MenuGameController.swift in Sources */,
				1484112E24A3812D00AC46F3 /* Cookie.swift in Sources */,
				1484113124A3812D00AC46F3 /* Level.swift in Sources */,
				14C1EDBD24A664FC000FA936 /* Extension+DispatchQueue.swift in Sources */,
				1457CF1424AA10A300A21D2F /* ScoreViewController.swift in Sources */,
				142796DB24ACE05E0073BEF4 /* ReachabilityObserverDelegate.swift in Sources */,
				1484113624A383FA00AC46F3 /* GameViewController.swift in Sources */,
				1484113224A3812D00AC46F3 /* Swap.swift in Sources */,
				1484111E24A378A500AC46F3 /* Device.swift in Sources */,
				1484113024A3812D00AC46F3 /* LevelData.swift in Sources */,
				1484112C24A3812D00AC46F3 /* Chain.swift in Sources */,
				148410EF24A3745A00AC46F3 /* WelcomeViewController.swift in Sources */,
				1411B2A324A4946F007D4C0D /* ScoreManager.swift in Sources */,
				1484113324A3812D00AC46F3 /* Tile.swift in Sources */,
				148410EB24A3745A00AC46F3 /* AppDelegate.swift in Sources */,
				1411B2A924A4C7F3007D4C0D /* Extension+UIButton.swift in Sources */,
				1411B2A624A4ACCA007D4C0D /* WinViewController.swift in Sources */,
			);
			runOnlyForDeploymentPostprocessing = 0;
		};
/* End PBXSourcesBuildPhase section */

/* Begin PBXTargetDependency section */
		142BC30724AC938D00D6A2EC /* PBXTargetDependency */ = {
			isa = PBXTargetDependency;
			target = 142BC30024AC938D00D6A2EC /* OneSignalNotificationServiceExtension */;
			targetProxy = 142BC30624AC938D00D6A2EC /* PBXContainerItemProxy */;
		};
/* End PBXTargetDependency section */

/* Begin PBXVariantGroup section */
		148410F024A3745A00AC46F3 /* Welcome.storyboard */ = {
			isa = PBXVariantGroup;
			children = (
				148410F124A3745A00AC46F3 /* Base */,
			);
			name = Welcome.storyboard;
			sourceTree = "<group>";
		};
		148410F524A3745E00AC46F3 /* LaunchScreen.storyboard */ = {
			isa = PBXVariantGroup;
			children = (
				148410F624A3745E00AC46F3 /* Base */,
			);
			name = LaunchScreen.storyboard;
			sourceTree = "<group>";
		};
/* End PBXVariantGroup section */

/* Begin XCBuildConfiguration section */
		142BC30A24AC938D00D6A2EC /* Debug */ = {
			isa = XCBuildConfiguration;
			buildSettings = {
				APPLICATION_EXTENSION_API_ONLY = NO;
				CODE_SIGN_STYLE = Automatic;
				DEVELOPMENT_TEAM = 428G73UDCV;
				FRAMEWORK_SEARCH_PATHS = (
					"$(inherited)",
					"$(PROJECT_DIR)/Carthage/Build/iOS",
				);
				INFOPLIST_FILE = OneSignalNotificationServiceExtension/Info.plist;
				IPHONEOS_DEPLOYMENT_TARGET = 10.0;
				LD_RUNPATH_SEARCH_PATHS = (
					"$(inherited)",
					"@executable_path/Frameworks",
					"@executable_path/../../Frameworks",
				);
				PRODUCT_BUNDLE_IDENTIFIER = "com.LesliePersich.Priest-in-Egypt.OneSignalNotificationServiceExtension";
				PRODUCT_NAME = "$(TARGET_NAME)";
				SKIP_INSTALL = YES;
				SWIFT_VERSION = 5.0;
				TARGETED_DEVICE_FAMILY = 1;
			};
			name = Debug;
		};
		142BC30B24AC938D00D6A2EC /* Release */ = {
			isa = XCBuildConfiguration;
			buildSettings = {
				CODE_SIGN_STYLE = Automatic;
				DEVELOPMENT_TEAM = 428G73UDCV;
				FRAMEWORK_SEARCH_PATHS = (
					"$(inherited)",
					"$(PROJECT_DIR)/Carthage/Build/iOS",
				);
				INFOPLIST_FILE = OneSignalNotificationServiceExtension/Info.plist;
				IPHONEOS_DEPLOYMENT_TARGET = 10.0;
				LD_RUNPATH_SEARCH_PATHS = (
					"$(inherited)",
					"@executable_path/Frameworks",
					"@executable_path/../../Frameworks",
				);
				PRODUCT_BUNDLE_IDENTIFIER = "com.LesliePersich.Priest-in-Egypt.OneSignalNotificationServiceExtension";
				PRODUCT_NAME = "$(TARGET_NAME)";
				SKIP_INSTALL = YES;
				SWIFT_VERSION = 5.0;
				TARGETED_DEVICE_FAMILY = 1;
			};
			name = Release;
		};
		148410F924A3745E00AC46F3 /* Debug */ = {
			isa = XCBuildConfiguration;
			buildSettings = {
				ALWAYS_SEARCH_USER_PATHS = NO;
				CLANG_ANALYZER_NONNULL = YES;
				CLANG_ANALYZER_NUMBER_OBJECT_CONVERSION = YES_AGGRESSIVE;
				CLANG_CXX_LANGUAGE_STANDARD = "gnu++14";
				CLANG_CXX_LIBRARY = "libc++";
				CLANG_ENABLE_MODULES = YES;
				CLANG_ENABLE_OBJC_ARC = YES;
				CLANG_ENABLE_OBJC_WEAK = YES;
				CLANG_WARN_BLOCK_CAPTURE_AUTORELEASING = YES;
				CLANG_WARN_BOOL_CONVERSION = YES;
				CLANG_WARN_COMMA = YES;
				CLANG_WARN_CONSTANT_CONVERSION = YES;
				CLANG_WARN_DEPRECATED_OBJC_IMPLEMENTATIONS = YES;
				CLANG_WARN_DIRECT_OBJC_ISA_USAGE = YES_ERROR;
				CLANG_WARN_DOCUMENTATION_COMMENTS = YES;
				CLANG_WARN_EMPTY_BODY = YES;
				CLANG_WARN_ENUM_CONVERSION = YES;
				CLANG_WARN_INFINITE_RECURSION = YES;
				CLANG_WARN_INT_CONVERSION = YES;
				CLANG_WARN_NON_LITERAL_NULL_CONVERSION = YES;
				CLANG_WARN_OBJC_IMPLICIT_RETAIN_SELF = YES;
				CLANG_WARN_OBJC_LITERAL_CONVERSION = YES;
				CLANG_WARN_OBJC_ROOT_CLASS = YES_ERROR;
				CLANG_WARN_RANGE_LOOP_ANALYSIS = YES;
				CLANG_WARN_STRICT_PROTOTYPES = YES;
				CLANG_WARN_SUSPICIOUS_MOVE = YES;
				CLANG_WARN_UNGUARDED_AVAILABILITY = YES_AGGRESSIVE;
				CLANG_WARN_UNREACHABLE_CODE = YES;
				CLANG_WARN__DUPLICATE_METHOD_MATCH = YES;
				COPY_PHASE_STRIP = NO;
				DEBUG_INFORMATION_FORMAT = dwarf;
				ENABLE_STRICT_OBJC_MSGSEND = YES;
				ENABLE_TESTABILITY = YES;
				GCC_C_LANGUAGE_STANDARD = gnu11;
				GCC_DYNAMIC_NO_PIC = NO;
				GCC_NO_COMMON_BLOCKS = YES;
				GCC_OPTIMIZATION_LEVEL = 0;
				GCC_PREPROCESSOR_DEFINITIONS = (
					"DEBUG=1",
					"$(inherited)",
				);
				GCC_WARN_64_TO_32_BIT_CONVERSION = YES;
				GCC_WARN_ABOUT_RETURN_TYPE = YES_ERROR;
				GCC_WARN_UNDECLARED_SELECTOR = YES;
				GCC_WARN_UNINITIALIZED_AUTOS = YES_AGGRESSIVE;
				GCC_WARN_UNUSED_FUNCTION = YES;
				GCC_WARN_UNUSED_VARIABLE = YES;
				IPHONEOS_DEPLOYMENT_TARGET = 10.0;
				MTL_ENABLE_DEBUG_INFO = INCLUDE_SOURCE;
				MTL_FAST_MATH = YES;
				ONLY_ACTIVE_ARCH = YES;
				SDKROOT = iphoneos;
				SWIFT_ACTIVE_COMPILATION_CONDITIONS = DEBUG;
				SWIFT_OPTIMIZATION_LEVEL = "-Onone";
			};
			name = Debug;
		};
		148410FA24A3745E00AC46F3 /* Release */ = {
			isa = XCBuildConfiguration;
			buildSettings = {
				ALWAYS_SEARCH_USER_PATHS = NO;
				CLANG_ANALYZER_NONNULL = YES;
				CLANG_ANALYZER_NUMBER_OBJECT_CONVERSION = YES_AGGRESSIVE;
				CLANG_CXX_LANGUAGE_STANDARD = "gnu++14";
				CLANG_CXX_LIBRARY = "libc++";
				CLANG_ENABLE_MODULES = YES;
				CLANG_ENABLE_OBJC_ARC = YES;
				CLANG_ENABLE_OBJC_WEAK = YES;
				CLANG_WARN_BLOCK_CAPTURE_AUTORELEASING = YES;
				CLANG_WARN_BOOL_CONVERSION = YES;
				CLANG_WARN_COMMA = YES;
				CLANG_WARN_CONSTANT_CONVERSION = YES;
				CLANG_WARN_DEPRECATED_OBJC_IMPLEMENTATIONS = YES;
				CLANG_WARN_DIRECT_OBJC_ISA_USAGE = YES_ERROR;
				CLANG_WARN_DOCUMENTATION_COMMENTS = YES;
				CLANG_WARN_EMPTY_BODY = YES;
				CLANG_WARN_ENUM_CONVERSION = YES;
				CLANG_WARN_INFINITE_RECURSION = YES;
				CLANG_WARN_INT_CONVERSION = YES;
				CLANG_WARN_NON_LITERAL_NULL_CONVERSION = YES;
				CLANG_WARN_OBJC_IMPLICIT_RETAIN_SELF = YES;
				CLANG_WARN_OBJC_LITERAL_CONVERSION = YES;
				CLANG_WARN_OBJC_ROOT_CLASS = YES_ERROR;
				CLANG_WARN_RANGE_LOOP_ANALYSIS = YES;
				CLANG_WARN_STRICT_PROTOTYPES = YES;
				CLANG_WARN_SUSPICIOUS_MOVE = YES;
				CLANG_WARN_UNGUARDED_AVAILABILITY = YES_AGGRESSIVE;
				CLANG_WARN_UNREACHABLE_CODE = YES;
				CLANG_WARN__DUPLICATE_METHOD_MATCH = YES;
				COPY_PHASE_STRIP = NO;
				DEBUG_INFORMATION_FORMAT = "dwarf-with-dsym";
				ENABLE_NS_ASSERTIONS = NO;
				ENABLE_STRICT_OBJC_MSGSEND = YES;
				GCC_C_LANGUAGE_STANDARD = gnu11;
				GCC_NO_COMMON_BLOCKS = YES;
				GCC_WARN_64_TO_32_BIT_CONVERSION = YES;
				GCC_WARN_ABOUT_RETURN_TYPE = YES_ERROR;
				GCC_WARN_UNDECLARED_SELECTOR = YES;
				GCC_WARN_UNINITIALIZED_AUTOS = YES_AGGRESSIVE;
				GCC_WARN_UNUSED_FUNCTION = YES;
				GCC_WARN_UNUSED_VARIABLE = YES;
				IPHONEOS_DEPLOYMENT_TARGET = 10.0;
				MTL_ENABLE_DEBUG_INFO = NO;
				MTL_FAST_MATH = YES;
				SDKROOT = iphoneos;
				SWIFT_COMPILATION_MODE = wholemodule;
				SWIFT_OPTIMIZATION_LEVEL = "-O";
				VALIDATE_PRODUCT = YES;
			};
			name = Release;
		};
		148410FC24A3745E00AC46F3 /* Debug */ = {
			isa = XCBuildConfiguration;
			buildSettings = {
				ALWAYS_EMBED_SWIFT_STANDARD_LIBRARIES = YES;
				ASSETCATALOG_COMPILER_APPICON_NAME = AppIcon;
				CODE_SIGN_ENTITLEMENTS = "Priest in Egypt/Priest in Egypt.entitlements";
				CODE_SIGN_STYLE = Automatic;
				DEVELOPMENT_TEAM = 428G73UDCV;
				FRAMEWORK_SEARCH_PATHS = (
					"$(inherited)",
					"$(PROJECT_DIR)/Carthage/Build/iOS",
				);
				INFOPLIST_FILE = "Priest in Egypt/Info.plist";
				IPHONEOS_DEPLOYMENT_TARGET = 10.0;
				LD_RUNPATH_SEARCH_PATHS = (
					"$(inherited)",
					"@executable_path/Frameworks",
				);
				PRODUCT_BUNDLE_IDENTIFIER = "com.LesliePersich.Priest-in-Egypt";
				PRODUCT_NAME = "$(TARGET_NAME)";
				SWIFT_VERSION = 5.0;
				TARGETED_DEVICE_FAMILY = 1;
			};
			name = Debug;
		};
		148410FD24A3745E00AC46F3 /* Release */ = {
			isa = XCBuildConfiguration;
			buildSettings = {
				ALWAYS_EMBED_SWIFT_STANDARD_LIBRARIES = YES;
				ASSETCATALOG_COMPILER_APPICON_NAME = AppIcon;
				CODE_SIGN_ENTITLEMENTS = "Priest in Egypt/Priest in Egypt.entitlements";
				CODE_SIGN_STYLE = Automatic;
				DEVELOPMENT_TEAM = 428G73UDCV;
				FRAMEWORK_SEARCH_PATHS = (
					"$(inherited)",
					"$(PROJECT_DIR)/Carthage/Build/iOS",
				);
				INFOPLIST_FILE = "Priest in Egypt/Info.plist";
				IPHONEOS_DEPLOYMENT_TARGET = 10.0;
				LD_RUNPATH_SEARCH_PATHS = (
					"$(inherited)",
					"@executable_path/Frameworks",
				);
				PRODUCT_BUNDLE_IDENTIFIER = "com.LesliePersich.Priest-in-Egypt";
				PRODUCT_NAME = "$(TARGET_NAME)";
				SWIFT_VERSION = 5.0;
				TARGETED_DEVICE_FAMILY = 1;
			};
			name = Release;
		};
/* End XCBuildConfiguration section */

/* Begin XCConfigurationList section */
		142BC30924AC938D00D6A2EC /* Build configuration list for PBXNativeTarget "OneSignalNotificationServiceExtension" */ = {
			isa = XCConfigurationList;
			buildConfigurations = (
				142BC30A24AC938D00D6A2EC /* Debug */,
				142BC30B24AC938D00D6A2EC /* Release */,
			);
			defaultConfigurationIsVisible = 0;
			defaultConfigurationName = Release;
		};
		148410E224A3745A00AC46F3 /* Build configuration list for PBXProject "Priest in Egypt" */ = {
			isa = XCConfigurationList;
			buildConfigurations = (
				148410F924A3745E00AC46F3 /* Debug */,
				148410FA24A3745E00AC46F3 /* Release */,
			);
			defaultConfigurationIsVisible = 0;
			defaultConfigurationName = Release;
		};
		148410FB24A3745E00AC46F3 /* Build configuration list for PBXNativeTarget "Priest in Egypt" */ = {
			isa = XCConfigurationList;
			buildConfigurations = (
				148410FC24A3745E00AC46F3 /* Debug */,
				148410FD24A3745E00AC46F3 /* Release */,
			);
			defaultConfigurationIsVisible = 0;
			defaultConfigurationName = Release;
		};
/* End XCConfigurationList section */

/* Begin XCRemoteSwiftPackageReference section */
		1411B2AA24A4D35D007D4C0D /* XCRemoteSwiftPackageReference "lottie-ios" */ = {
			isa = XCRemoteSwiftPackageReference;
			repositoryURL = "https://github.com/airbnb/lottie-ios";
			requirement = {
				kind = upToNextMajorVersion;
				minimumVersion = 3.1.8;
			};
		};
		142796DC24ACF2EC0073BEF4 /* XCRemoteSwiftPackageReference "facebook-ios-sdk" */ = {
			isa = XCRemoteSwiftPackageReference;
			repositoryURL = "https://github.com/facebook/facebook-ios-sdk";
			requirement = {
				kind = upToNextMajorVersion;
				minimumVersion = 7.1.1;
			};
		};
		1457CF0624A9EF8D00A21D2F /* XCRemoteSwiftPackageReference "Reachability" */ = {
			isa = XCRemoteSwiftPackageReference;
			repositoryURL = "https://github.com/ashleymills/Reachability.swift";
			requirement = {
				kind = upToNextMajorVersion;
				minimumVersion = 5.0.0;
			};
		};
/* End XCRemoteSwiftPackageReference section */

/* Begin XCSwiftPackageProductDependency section */
		1411B2AB24A4D35D007D4C0D /* Lottie */ = {
			isa = XCSwiftPackageProductDependency;
			package = 1411B2AA24A4D35D007D4C0D /* XCRemoteSwiftPackageReference "lottie-ios" */;
			productName = Lottie;
		};
		142796DD24ACF2EC0073BEF4 /* FacebookCore */ = {
			isa = XCSwiftPackageProductDependency;
			package = 142796DC24ACF2EC0073BEF4 /* XCRemoteSwiftPackageReference "facebook-ios-sdk" */;
			productName = FacebookCore;
		};
		1457CF0724A9EF8D00A21D2F /* Reachability */ = {
			isa = XCSwiftPackageProductDependency;
			package = 1457CF0624A9EF8D00A21D2F /* XCRemoteSwiftPackageReference "Reachability" */;
			productName = Reachability;
		};
/* End XCSwiftPackageProductDependency section */
	};
	rootObject = 148410DF24A3745A00AC46F3 /* Project object */;
}
